// !$*UTF8*$!
{
	archiveVersion = 1;
	classes = {
	};
	objectVersion = 46;
	objects = {

/* Begin PBXBuildFile section */
		7DA2EA449278E468F5BDD29A /* Pods_teamFantasy.framework in Frameworks */ = {isa = PBXBuildFile; fileRef = 38AC6FB30EA2C4B079028830 /* Pods_teamFantasy.framework */; };
		CF02CC911DDB3CBE00578928 /* AppDelegate.swift in Sources */ = {isa = PBXBuildFile; fileRef = CF02CC901DDB3CBE00578928 /* AppDelegate.swift */; };
		CF02CC981DDB3CBE00578928 /* Assets.xcassets in Resources */ = {isa = PBXBuildFile; fileRef = CF02CC971DDB3CBE00578928 /* Assets.xcassets */; };
		CF02CC9B1DDB3CBE00578928 /* LaunchScreen.storyboard in Resources */ = {isa = PBXBuildFile; fileRef = CF02CC991DDB3CBE00578928 /* LaunchScreen.storyboard */; };
		CF625ED91DDB3EAB002BC198 /* Main.storyboard in Resources */ = {isa = PBXBuildFile; fileRef = CF625ED81DDB3EAB002BC198 /* Main.storyboard */; };
		CF625EDB1DDB3F6A002BC198 /* HomeViewController.swift in Sources */ = {isa = PBXBuildFile; fileRef = CF625EDA1DDB3F6A002BC198 /* HomeViewController.swift */; };
		CF625EDD1DDB3FF2002BC198 /* HelpViewController.swift in Sources */ = {isa = PBXBuildFile; fileRef = CF625EDC1DDB3FF2002BC198 /* HelpViewController.swift */; };
		CF6C0E501DDDF43900F0FBF7 /* QuarterBack.swift in Sources */ = {isa = PBXBuildFile; fileRef = CF6C0E4F1DDDF43900F0FBF7 /* QuarterBack.swift */; };
		CF6C0E521DDDF49100F0FBF7 /* WideReceiver.swift in Sources */ = {isa = PBXBuildFile; fileRef = CF6C0E511DDDF49100F0FBF7 /* WideReceiver.swift */; };
		CF6C0E541DDDF4EE00F0FBF7 /* RunningBack.swift in Sources */ = {isa = PBXBuildFile; fileRef = CF6C0E531DDDF4EE00F0FBF7 /* RunningBack.swift */; };
		CF6C0E561DDDF53900F0FBF7 /* TightEnd.swift in Sources */ = {isa = PBXBuildFile; fileRef = CF6C0E551DDDF53900F0FBF7 /* TightEnd.swift */; };
		CF6C0E581DDDF56500F0FBF7 /* Kicker.swift in Sources */ = {isa = PBXBuildFile; fileRef = CF6C0E571DDDF56500F0FBF7 /* Kicker.swift */; };
		CF7A8BFB1DDB4621004503BE /* ScheduleViewController.swift in Sources */ = {isa = PBXBuildFile; fileRef = CF7A8BFA1DDB4621004503BE /* ScheduleViewController.swift */; };
		CF7A8BFD1DDC968E004503BE /* Constants.swift in Sources */ = {isa = PBXBuildFile; fileRef = CF7A8BFC1DDC968E004503BE /* Constants.swift */; };
		CF7A8C071DDCA374004503BE /* Utils.swift in Sources */ = {isa = PBXBuildFile; fileRef = CF7A8C061DDCA374004503BE /* Utils.swift */; };
		CF9285F61DDD0B0F002A2E0C /* InjuriesViewController.swift in Sources */ = {isa = PBXBuildFile; fileRef = CF9285F51DDD0B0F002A2E0C /* InjuriesViewController.swift */; };
		CF9285F81DDD0B39002A2E0C /* SettingsViewController.swift in Sources */ = {isa = PBXBuildFile; fileRef = CF9285F71DDD0B39002A2E0C /* SettingsViewController.swift */; };
/* End PBXBuildFile section */

/* Begin PBXFileReference section */
		38AC6FB30EA2C4B079028830 /* Pods_teamFantasy.framework */ = {isa = PBXFileReference; explicitFileType = wrapper.framework; includeInIndex = 0; path = Pods_teamFantasy.framework; sourceTree = BUILT_PRODUCTS_DIR; };
		4C79C4F49B6B9B3CE52ADA21 /* Pods-teamFantasy.release.xcconfig */ = {isa = PBXFileReference; includeInIndex = 1; lastKnownFileType = text.xcconfig; name = "Pods-teamFantasy.release.xcconfig"; path = "Pods/Target Support Files/Pods-teamFantasy/Pods-teamFantasy.release.xcconfig"; sourceTree = "<group>"; };
		5688F3D2DD28F8679CE824A3 /* Pods-teamFantasy.debug.xcconfig */ = {isa = PBXFileReference; includeInIndex = 1; lastKnownFileType = text.xcconfig; name = "Pods-teamFantasy.debug.xcconfig"; path = "Pods/Target Support Files/Pods-teamFantasy/Pods-teamFantasy.debug.xcconfig"; sourceTree = "<group>"; };
		CF02CC8D1DDB3CBE00578928 /* teamFantasy.app */ = {isa = PBXFileReference; explicitFileType = wrapper.application; includeInIndex = 0; path = teamFantasy.app; sourceTree = BUILT_PRODUCTS_DIR; };
		CF02CC901DDB3CBE00578928 /* AppDelegate.swift */ = {isa = PBXFileReference; lastKnownFileType = sourcecode.swift; path = AppDelegate.swift; sourceTree = "<group>"; };
		CF02CC971DDB3CBE00578928 /* Assets.xcassets */ = {isa = PBXFileReference; lastKnownFileType = folder.assetcatalog; path = Assets.xcassets; sourceTree = "<group>"; };
		CF02CC9A1DDB3CBE00578928 /* Base */ = {isa = PBXFileReference; lastKnownFileType = file.storyboard; name = Base; path = Base.lproj/LaunchScreen.storyboard; sourceTree = "<group>"; };
		CF02CC9C1DDB3CBE00578928 /* Info.plist */ = {isa = PBXFileReference; lastKnownFileType = text.plist.xml; path = Info.plist; sourceTree = "<group>"; };
		CF625ED81DDB3EAB002BC198 /* Main.storyboard */ = {isa = PBXFileReference; fileEncoding = 4; lastKnownFileType = file.storyboard; name = Main.storyboard; path = StoryBoards/Main.storyboard; sourceTree = "<group>"; };
		CF625EDA1DDB3F6A002BC198 /* HomeViewController.swift */ = {isa = PBXFileReference; fileEncoding = 4; lastKnownFileType = sourcecode.swift; name = HomeViewController.swift; path = ViewControllers/HomeViewController.swift; sourceTree = "<group>"; };
		CF625EDC1DDB3FF2002BC198 /* HelpViewController.swift */ = {isa = PBXFileReference; fileEncoding = 4; lastKnownFileType = sourcecode.swift; name = HelpViewController.swift; path = ViewControllers/HelpViewController.swift; sourceTree = "<group>"; };
		CF6C0E4F1DDDF43900F0FBF7 /* QuarterBack.swift */ = {isa = PBXFileReference; fileEncoding = 4; lastKnownFileType = sourcecode.swift; name = QuarterBack.swift; path = Models/QuarterBack.swift; sourceTree = "<group>"; };
		CF6C0E511DDDF49100F0FBF7 /* WideReceiver.swift */ = {isa = PBXFileReference; fileEncoding = 4; lastKnownFileType = sourcecode.swift; name = WideReceiver.swift; path = Models/WideReceiver.swift; sourceTree = "<group>"; };
		CF6C0E531DDDF4EE00F0FBF7 /* RunningBack.swift */ = {isa = PBXFileReference; fileEncoding = 4; lastKnownFileType = sourcecode.swift; name = RunningBack.swift; path = Models/RunningBack.swift; sourceTree = "<group>"; };
		CF6C0E551DDDF53900F0FBF7 /* TightEnd.swift */ = {isa = PBXFileReference; fileEncoding = 4; lastKnownFileType = sourcecode.swift; name = TightEnd.swift; path = Models/TightEnd.swift; sourceTree = "<group>"; };
		CF6C0E571DDDF56500F0FBF7 /* Kicker.swift */ = {isa = PBXFileReference; fileEncoding = 4; lastKnownFileType = sourcecode.swift; name = Kicker.swift; path = Components/Kicker.swift; sourceTree = "<group>"; };
		CF6C0E5A1DDDF5D900F0FBF7 /* Base */ = {isa = PBXFileReference; lastKnownFileType = sourcecode.swift; name = Base; path = Base.lproj/Defense.swift; sourceTree = "<group>"; };
		CF7A8BFA1DDB4621004503BE /* ScheduleViewController.swift */ = {isa = PBXFileReference; fileEncoding = 4; lastKnownFileType = sourcecode.swift; name = ScheduleViewController.swift; path = ViewControllers/ScheduleViewController.swift; sourceTree = "<group>"; };
		CF7A8BFC1DDC968E004503BE /* Constants.swift */ = {isa = PBXFileReference; fileEncoding = 4; lastKnownFileType = sourcecode.swift; name = Constants.swift; path = Components/Constants.swift; sourceTree = "<group>"; };
		CF7A8C061DDCA374004503BE /* Utils.swift */ = {isa = PBXFileReference; fileEncoding = 4; lastKnownFileType = sourcecode.swift; name = Utils.swift; path = Components/Utils.swift; sourceTree = "<group>"; };
		CF9285F51DDD0B0F002A2E0C /* InjuriesViewController.swift */ = {isa = PBXFileReference; fileEncoding = 4; lastKnownFileType = sourcecode.swift; name = InjuriesViewController.swift; path = ViewControllers/InjuriesViewController.swift; sourceTree = "<group>"; };
		CF9285F71DDD0B39002A2E0C /* SettingsViewController.swift */ = {isa = PBXFileReference; fileEncoding = 4; lastKnownFileType = sourcecode.swift; path = SettingsViewController.swift; sourceTree = "<group>"; };
/* End PBXFileReference section */

/* Begin PBXFrameworksBuildPhase section */
		CF02CC8A1DDB3CBE00578928 /* Frameworks */ = {
			isa = PBXFrameworksBuildPhase;
			buildActionMask = 2147483647;
			files = (
				7DA2EA449278E468F5BDD29A /* Pods_teamFantasy.framework in Frameworks */,
			);
			runOnlyForDeploymentPostprocessing = 0;
		};
/* End PBXFrameworksBuildPhase section */

/* Begin PBXGroup section */
		072529DB69BE02B014DE51F2 /* Pods */ = {
			isa = PBXGroup;
			children = (
				5688F3D2DD28F8679CE824A3 /* Pods-teamFantasy.debug.xcconfig */,
				4C79C4F49B6B9B3CE52ADA21 /* Pods-teamFantasy.release.xcconfig */,
			);
			name = Pods;
			sourceTree = "<group>";
		};
		5FB0ED4FFFF4AB77E07EB01B /* Frameworks */ = {
			isa = PBXGroup;
			children = (
				38AC6FB30EA2C4B079028830 /* Pods_teamFantasy.framework */,
			);
			name = Frameworks;
			sourceTree = "<group>";
		};
		CF02CC841DDB3CBE00578928 = {
			isa = PBXGroup;
			children = (
				CF02CC8F1DDB3CBE00578928 /* teamFantasy */,
				CF02CC8E1DDB3CBE00578928 /* Products */,
				072529DB69BE02B014DE51F2 /* Pods */,
				5FB0ED4FFFF4AB77E07EB01B /* Frameworks */,
			);
			sourceTree = "<group>";
		};
		CF02CC8E1DDB3CBE00578928 /* Products */ = {
			isa = PBXGroup;
			children = (
				CF02CC8D1DDB3CBE00578928 /* teamFantasy.app */,
			);
			name = Products;
			sourceTree = "<group>";
		};
		CF02CC8F1DDB3CBE00578928 /* teamFantasy */ = {
			isa = PBXGroup;
			children = (
				CF625ED71DDB3E59002BC198 /* Networking */,
				CF625ED61DDB3E48002BC198 /* Components */,
				CF625ED51DDB3E3F002BC198 /* Models */,
				CF625ED41DDB3E33002BC198 /* StoryBoards */,
				CF625ED31DDB3E23002BC198 /* ViewControllers */,
				CF02CC901DDB3CBE00578928 /* AppDelegate.swift */,
				CF02CC971DDB3CBE00578928 /* Assets.xcassets */,
				CF02CC991DDB3CBE00578928 /* LaunchScreen.storyboard */,
				CF02CC9C1DDB3CBE00578928 /* Info.plist */,
			);
			path = teamFantasy;
			sourceTree = "<group>";
		};
		CF625ED31DDB3E23002BC198 /* ViewControllers */ = {
			isa = PBXGroup;
			children = (
				CF625EDA1DDB3F6A002BC198 /* HomeViewController.swift */,
				CF625EDC1DDB3FF2002BC198 /* HelpViewController.swift */,
				CF7A8BFA1DDB4621004503BE /* ScheduleViewController.swift */,
				CF9285F51DDD0B0F002A2E0C /* InjuriesViewController.swift */,
				CF9285F71DDD0B39002A2E0C /* SettingsViewController.swift */,
			);
			name = ViewControllers;
			sourceTree = "<group>";
		};
		CF625ED41DDB3E33002BC198 /* StoryBoards */ = {
			isa = PBXGroup;
			children = (
				CF625ED81DDB3EAB002BC198 /* Main.storyboard */,
			);
			name = StoryBoards;
			sourceTree = "<group>";
		};
		CF625ED51DDB3E3F002BC198 /* Models */ = {
			isa = PBXGroup;
			children = (
				CF6C0E4F1DDDF43900F0FBF7 /* QuarterBack.swift */,
				CF6C0E511DDDF49100F0FBF7 /* WideReceiver.swift */,
				CF6C0E531DDDF4EE00F0FBF7 /* RunningBack.swift */,
				CF6C0E551DDDF53900F0FBF7 /* TightEnd.swift */,
				CF6C0E571DDDF56500F0FBF7 /* Kicker.swift */,
				CF6C0E591DDDF5D900F0FBF7 /* Defense.swift */,
			);
			name = Models;
			sourceTree = "<group>";
		};
		CF625ED61DDB3E48002BC198 /* Components */ = {
			isa = PBXGroup;
			children = (
				CF7A8BFC1DDC968E004503BE /* Constants.swift */,
				CF7A8C061DDCA374004503BE /* Utils.swift */,
			);
			name = Components;
			sourceTree = "<group>";
		};
		CF625ED71DDB3E59002BC198 /* Networking */ = {
			isa = PBXGroup;
			children = (
			);
			name = Networking;
			sourceTree = "<group>";
		};
/* End PBXGroup section */

/* Begin PBXNativeTarget section */
		CF02CC8C1DDB3CBE00578928 /* teamFantasy */ = {
			isa = PBXNativeTarget;
			buildConfigurationList = CF02CC9F1DDB3CBE00578928 /* Build configuration list for PBXNativeTarget "teamFantasy" */;
			buildPhases = (
				F5FD6098D7B2C99F17765675 /* [CP] Check Pods Manifest.lock */,
				CF02CC891DDB3CBE00578928 /* Sources */,
				CF02CC8A1DDB3CBE00578928 /* Frameworks */,
				CF02CC8B1DDB3CBE00578928 /* Resources */,
				2527AABF5D250D022462726D /* [CP] Embed Pods Frameworks */,
				7E3790AE0B88FB75C414FD2C /* [CP] Copy Pods Resources */,
			);
			buildRules = (
			);
			dependencies = (
			);
			name = teamFantasy;
			productName = teamFantasy;
			productReference = CF02CC8D1DDB3CBE00578928 /* teamFantasy.app */;
			productType = "com.apple.product-type.application";
		};
/* End PBXNativeTarget section */

/* Begin PBXProject section */
		CF02CC851DDB3CBE00578928 /* Project object */ = {
			isa = PBXProject;
			attributes = {
				LastSwiftUpdateCheck = 0810;
				LastUpgradeCheck = 0810;
				ORGANIZATIONNAME = "David  Bowen";
				TargetAttributes = {
					CF02CC8C1DDB3CBE00578928 = {
						CreatedOnToolsVersion = 8.1;
						DevelopmentTeam = KEN4YAUQ2S;
						ProvisioningStyle = Automatic;
					};
				};
			};
			buildConfigurationList = CF02CC881DDB3CBE00578928 /* Build configuration list for PBXProject "teamFantasy" */;
			compatibilityVersion = "Xcode 3.2";
			developmentRegion = English;
			hasScannedForEncodings = 0;
			knownRegions = (
				en,
				Base,
			);
			mainGroup = CF02CC841DDB3CBE00578928;
			productRefGroup = CF02CC8E1DDB3CBE00578928 /* Products */;
			projectDirPath = "";
			projectRoot = "";
			targets = (
				CF02CC8C1DDB3CBE00578928 /* teamFantasy */,
			);
		};
/* End PBXProject section */

/* Begin PBXResourcesBuildPhase section */
		CF02CC8B1DDB3CBE00578928 /* Resources */ = {
			isa = PBXResourcesBuildPhase;
			buildActionMask = 2147483647;
			files = (
				CF625ED91DDB3EAB002BC198 /* Main.storyboard in Resources */,
				CF02CC9B1DDB3CBE00578928 /* LaunchScreen.storyboard in Resources */,
				CF02CC981DDB3CBE00578928 /* Assets.xcassets in Resources */,
			);
			runOnlyForDeploymentPostprocessing = 0;
		};
/* End PBXResourcesBuildPhase section */

/* Begin PBXShellScriptBuildPhase section */
		2527AABF5D250D022462726D /* [CP] Embed Pods Frameworks */ = {
			isa = PBXShellScriptBuildPhase;
			buildActionMask = 2147483647;
			files = (
			);
			inputPaths = (
			);
			name = "[CP] Embed Pods Frameworks";
			outputPaths = (
			);
			runOnlyForDeploymentPostprocessing = 0;
			shellPath = /bin/sh;
			shellScript = "\"${SRCROOT}/Pods/Target Support Files/Pods-teamFantasy/Pods-teamFantasy-frameworks.sh\"\n";
			showEnvVarsInLog = 0;
		};
		7E3790AE0B88FB75C414FD2C /* [CP] Copy Pods Resources */ = {
			isa = PBXShellScriptBuildPhase;
			buildActionMask = 2147483647;
			files = (
			);
			inputPaths = (
			);
			name = "[CP] Copy Pods Resources";
			outputPaths = (
			);
			runOnlyForDeploymentPostprocessing = 0;
			shellPath = /bin/sh;
			shellScript = "\"${SRCROOT}/Pods/Target Support Files/Pods-teamFantasy/Pods-teamFantasy-resources.sh\"\n";
			showEnvVarsInLog = 0;
		};
		F5FD6098D7B2C99F17765675 /* [CP] Check Pods Manifest.lock */ = {
			isa = PBXShellScriptBuildPhase;
			buildActionMask = 2147483647;
			files = (
			);
			inputPaths = (
			);
			name = "[CP] Check Pods Manifest.lock";
			outputPaths = (
			);
			runOnlyForDeploymentPostprocessing = 0;
			shellPath = /bin/sh;
			shellScript = "diff \"${PODS_ROOT}/../Podfile.lock\" \"${PODS_ROOT}/Manifest.lock\" > /dev/null\nif [ $? != 0 ] ; then\n    # print error to STDERR\n    echo \"error: The sandbox is not in sync with the Podfile.lock. Run 'pod install' or update your CocoaPods installation.\" >&2\n    exit 1\nfi\n";
			showEnvVarsInLog = 0;
		};
/* End PBXShellScriptBuildPhase section */

/* Begin PBXSourcesBuildPhase section */
		CF02CC891DDB3CBE00578928 /* Sources */ = {
			isa = PBXSourcesBuildPhase;
			buildActionMask = 2147483647;
			files = (
				CF7A8BFD1DDC968E004503BE /* Constants.swift in Sources */,
				CF02CC911DDB3CBE00578928 /* AppDelegate.swift in Sources */,
				CF6C0E541DDDF4EE00F0FBF7 /* RunningBack.swift in Sources */,
				CF6C0E501DDDF43900F0FBF7 /* QuarterBack.swift in Sources */,
				CF6C0E521DDDF49100F0FBF7 /* WideReceiver.swift in Sources */,
				CF625EDD1DDB3FF2002BC198 /* HelpViewController.swift in Sources */,
				CF625EDB1DDB3F6A002BC198 /* HomeViewController.swift in Sources */,
				CF7A8C071DDCA374004503BE /* Utils.swift in Sources */,
				CF6C0E581DDDF56500F0FBF7 /* Kicker.swift in Sources */,
				CF6C0E561DDDF53900F0FBF7 /* TightEnd.swift in Sources */,
				CF7A8BFB1DDB4621004503BE /* ScheduleViewController.swift in Sources */,
				CF9285F61DDD0B0F002A2E0C /* InjuriesViewController.swift in Sources */,
				CF9285F81DDD0B39002A2E0C /* SettingsViewController.swift in Sources */,
			);
			runOnlyForDeploymentPostprocessing = 0;
		};
/* End PBXSourcesBuildPhase section */

/* Begin PBXVariantGroup section */
		CF02CC991DDB3CBE00578928 /* LaunchScreen.storyboard */ = {
			isa = PBXVariantGroup;
			children = (
				CF02CC9A1DDB3CBE00578928 /* Base */,
			);
			name = LaunchScreen.storyboard;
			sourceTree = "<group>";
		};
		CF6C0E591DDDF5D900F0FBF7 /* Defense.swift */ = {
			isa = PBXVariantGroup;
			children = (
				CF6C0E5A1DDDF5D900F0FBF7 /* Base */,
			);
			name = Defense.swift;
			sourceTree = "<group>";
		};
/* End PBXVariantGroup section */

/* Begin XCBuildConfiguration section */
		CF02CC9D1DDB3CBE00578928 /* Debug */ = {
			isa = XCBuildConfiguration;
			buildSettings = {
				ALWAYS_SEARCH_USER_PATHS = NO;
				CLANG_ANALYZER_NONNULL = YES;
				CLANG_CXX_LANGUAGE_STANDARD = "gnu++0x";
				CLANG_CXX_LIBRARY = "libc++";
				CLANG_ENABLE_MODULES = YES;
				CLANG_ENABLE_OBJC_ARC = YES;
				CLANG_WARN_BOOL_CONVERSION = YES;
				CLANG_WARN_CONSTANT_CONVERSION = YES;
				CLANG_WARN_DIRECT_OBJC_ISA_USAGE = YES_ERROR;
				CLANG_WARN_DOCUMENTATION_COMMENTS = YES;
				CLANG_WARN_EMPTY_BODY = YES;
				CLANG_WARN_ENUM_CONVERSION = YES;
				CLANG_WARN_INFINITE_RECURSION = YES;
				CLANG_WARN_INT_CONVERSION = YES;
				CLANG_WARN_OBJC_ROOT_CLASS = YES_ERROR;
				CLANG_WARN_SUSPICIOUS_MOVES = YES;
				CLANG_WARN_UNREACHABLE_CODE = YES;
				CLANG_WARN__DUPLICATE_METHOD_MATCH = YES;
				"CODE_SIGN_IDENTITY[sdk=iphoneos*]" = "iPhone Developer";
				COPY_PHASE_STRIP = NO;
				DEBUG_INFORMATION_FORMAT = dwarf;
				ENABLE_STRICT_OBJC_MSGSEND = YES;
				ENABLE_TESTABILITY = YES;
				GCC_C_LANGUAGE_STANDARD = gnu99;
				GCC_DYNAMIC_NO_PIC = NO;
				GCC_NO_COMMON_BLOCKS = YES;
				GCC_OPTIMIZATION_LEVEL = 0;
				GCC_PREPROCESSOR_DEFINITIONS = (
					"DEBUG=1",
					"$(inherited)",
				);
				GCC_WARN_64_TO_32_BIT_CONVERSION = YES;
				GCC_WARN_ABOUT_RETURN_TYPE = YES_ERROR;
				GCC_WARN_UNDECLARED_SELECTOR = YES;
				GCC_WARN_UNINITIALIZED_AUTOS = YES_AGGRESSIVE;
				GCC_WARN_UNUSED_FUNCTION = YES;
				GCC_WARN_UNUSED_VARIABLE = YES;
				IPHONEOS_DEPLOYMENT_TARGET = 10.1;
				MTL_ENABLE_DEBUG_INFO = YES;
				ONLY_ACTIVE_ARCH = YES;
				SDKROOT = iphoneos;
				SWIFT_ACTIVE_COMPILATION_CONDITIONS = DEBUG;
				SWIFT_OPTIMIZATION_LEVEL = "-Onone";
			};
			name = Debug;
		};
		CF02CC9E1DDB3CBE00578928 /* Release */ = {
			isa = XCBuildConfiguration;
			buildSettings = {
				ALWAYS_SEARCH_USER_PATHS = NO;
				CLANG_ANALYZER_NONNULL = YES;
				CLANG_CXX_LANGUAGE_STANDARD = "gnu++0x";
				CLANG_CXX_LIBRARY = "libc++";
				CLANG_ENABLE_MODULES = YES;
				CLANG_ENABLE_OBJC_ARC = YES;
				CLANG_WARN_BOOL_CONVERSION = YES;
				CLANG_WARN_CONSTANT_CONVERSION = YES;
				CLANG_WARN_DIRECT_OBJC_ISA_USAGE = YES_ERROR;
				CLANG_WARN_DOCUMENTATION_COMMENTS = YES;
				CLANG_WARN_EMPTY_BODY = YES;
				CLANG_WARN_ENUM_CONVERSION = YES;
				CLANG_WARN_INFINITE_RECURSION = YES;
				CLANG_WARN_INT_CONVERSION = YES;
				CLANG_WARN_OBJC_ROOT_CLASS = YES_ERROR;
				CLANG_WARN_SUSPICIOUS_MOVES = YES;
				CLANG_WARN_UNREACHABLE_CODE = YES;
				CLANG_WARN__DUPLICATE_METHOD_MATCH = YES;
				"CODE_SIGN_IDENTITY[sdk=iphoneos*]" = "iPhone Developer";
				COPY_PHASE_STRIP = NO;
				DEBUG_INFORMATION_FORMAT = "dwarf-with-dsym";
				ENABLE_NS_ASSERTIONS = NO;
				ENABLE_STRICT_OBJC_MSGSEND = YES;
				GCC_C_LANGUAGE_STANDARD = gnu99;
				GCC_NO_COMMON_BLOCKS = YES;
				GCC_WARN_64_TO_32_BIT_CONVERSION = YES;
				GCC_WARN_ABOUT_RETURN_TYPE = YES_ERROR;
				GCC_WARN_UNDECLARED_SELECTOR = YES;
				GCC_WARN_UNINITIALIZED_AUTOS = YES_AGGRESSIVE;
				GCC_WARN_UNUSED_FUNCTION = YES;
				GCC_WARN_UNUSED_VARIABLE = YES;
				IPHONEOS_DEPLOYMENT_TARGET = 10.1;
				MTL_ENABLE_DEBUG_INFO = NO;
				SDKROOT = iphoneos;
				SWIFT_OPTIMIZATION_LEVEL = "-Owholemodule";
				VALIDATE_PRODUCT = YES;
			};
			name = Release;
		};
		CF02CCA01DDB3CBE00578928 /* Debug */ = {
			isa = XCBuildConfiguration;
			baseConfigurationReference = 5688F3D2DD28F8679CE824A3 /* Pods-teamFantasy.debug.xcconfig */;
			buildSettings = {
				ASSETCATALOG_COMPILER_APPICON_NAME = AppIcon;
				DEVELOPMENT_TEAM = KEN4YAUQ2S;
				INFOPLIST_FILE = teamFantasy/Info.plist;
				LD_RUNPATH_SEARCH_PATHS = "$(inherited) @executable_path/Frameworks";
				PRODUCT_BUNDLE_IDENTIFIER = com.ScottyBoy.teamFantasy;
				PRODUCT_NAME = "$(TARGET_NAME)";
				SWIFT_VERSION = 3.0;
			};
			name = Debug;
		};
		CF02CCA11DDB3CBE00578928 /* Release */ = {
			isa = XCBuildConfiguration;
			baseConfigurationReference = 4C79C4F49B6B9B3CE52ADA21 /* Pods-teamFantasy.release.xcconfig */;
			buildSettings = {
				ASSETCATALOG_COMPILER_APPICON_NAME = AppIcon;
				DEVELOPMENT_TEAM = KEN4YAUQ2S;
				INFOPLIST_FILE = teamFantasy/Info.plist;
				LD_RUNPATH_SEARCH_PATHS = "$(inherited) @executable_path/Frameworks";
				PRODUCT_BUNDLE_IDENTIFIER = com.ScottyBoy.teamFantasy;
				PRODUCT_NAME = "$(TARGET_NAME)";
				SWIFT_VERSION = 3.0;
			};
			name = Release;
		};
/* End XCBuildConfiguration section */

/* Begin XCConfigurationList section */
		CF02CC881DDB3CBE00578928 /* Build configuration list for PBXProject "teamFantasy" */ = {
			isa = XCConfigurationList;
			buildConfigurations = (
				CF02CC9D1DDB3CBE00578928 /* Debug */,
				CF02CC9E1DDB3CBE00578928 /* Release */,
			);
			defaultConfigurationIsVisible = 0;
			defaultConfigurationName = Release;
		};
		CF02CC9F1DDB3CBE00578928 /* Build configuration list for PBXNativeTarget "teamFantasy" */ = {
			isa = XCConfigurationList;
			buildConfigurations = (
				CF02CCA01DDB3CBE00578928 /* Debug */,
				CF02CCA11DDB3CBE00578928 /* Release */,
			);
			defaultConfigurationIsVisible = 0;
			defaultConfigurationName = Release;
		};
/* End XCConfigurationList section */
	};
	rootObject = CF02CC851DDB3CBE00578928 /* Project object */;
}
